// !$*UTF8*$!
{
	archiveVersion = 1;
	classes = {
	};
	objectVersion = 56;
	objects = {

/* Begin PBXBuildFile section */
		749A7F882C59EB9100B04266 /* LolibabaApp.swift in Sources */ = {isa = PBXBuildFile; fileRef = 749A7F872C59EB9100B04266 /* LolibabaApp.swift */; };
		749A7F8A2C59EB9100B04266 /* ContentView.swift in Sources */ = {isa = PBXBuildFile; fileRef = 749A7F892C59EB9100B04266 /* ContentView.swift */; };
		749A7F8C2C59EB9300B04266 /* Assets.xcassets in Resources */ = {isa = PBXBuildFile; fileRef = 749A7F8B2C59EB9300B04266 /* Assets.xcassets */; };
		749A7F902C59EB9300B04266 /* Preview Assets.xcassets in Resources */ = {isa = PBXBuildFile; fileRef = 749A7F8F2C59EB9300B04266 /* Preview Assets.xcassets */; };
		749A7F9A2C59EB9300B04266 /* LolibabaTests.swift in Sources */ = {isa = PBXBuildFile; fileRef = 749A7F992C59EB9300B04266 /* LolibabaTests.swift */; };
		749A7FA42C59EB9300B04266 /* LolibabaUITests.swift in Sources */ = {isa = PBXBuildFile; fileRef = 749A7FA32C59EB9300B04266 /* LolibabaUITests.swift */; };
		749A7FA62C59EB9300B04266 /* LolibabaUITestsLaunchTests.swift in Sources */ = {isa = PBXBuildFile; fileRef = 749A7FA52C59EB9300B04266 /* LolibabaUITestsLaunchTests.swift */; };
		749A7FB32C59F11800B04266 /* SplashScreenView.swift in Sources */ = {isa = PBXBuildFile; fileRef = 749A7FB22C59F11800B04266 /* SplashScreenView.swift */; };
/* End PBXBuildFile section */

/* Begin PBXContainerItemProxy section */
		749A7F962C59EB9300B04266 /* PBXContainerItemProxy */ = {
			isa = PBXContainerItemProxy;
			containerPortal = 749A7F7C2C59EB9100B04266 /* Project object */;
			proxyType = 1;
			remoteGlobalIDString = 749A7F832C59EB9100B04266;
			remoteInfo = Lolibaba;
		};
		749A7FA02C59EB9300B04266 /* PBXContainerItemProxy */ = {
			isa = PBXContainerItemProxy;
			containerPortal = 749A7F7C2C59EB9100B04266 /* Project object */;
			proxyType = 1;
			remoteGlobalIDString = 749A7F832C59EB9100B04266;
			remoteInfo = Lolibaba;
		};
/* End PBXContainerItemProxy section */

/* Begin PBXFileReference section */
		749A7F842C59EB9100B04266 /* Lolibaba.app */ = {isa = PBXFileReference; explicitFileType = wrapper.application; includeInIndex = 0; path = Lolibaba.app; sourceTree = BUILT_PRODUCTS_DIR; };
		749A7F872C59EB9100B04266 /* LolibabaApp.swift */ = {isa = PBXFileReference; lastKnownFileType = sourcecode.swift; path = LolibabaApp.swift; sourceTree = "<group>"; };
		749A7F892C59EB9100B04266 /* ContentView.swift */ = {isa = PBXFileReference; lastKnownFileType = sourcecode.swift; path = ContentView.swift; sourceTree = "<group>"; };
		749A7F8B2C59EB9300B04266 /* Assets.xcassets */ = {isa = PBXFileReference; lastKnownFileType = folder.assetcatalog; path = Assets.xcassets; sourceTree = "<group>"; };
		749A7F8D2C59EB9300B04266 /* Lolibaba.entitlements */ = {isa = PBXFileReference; lastKnownFileType = text.plist.entitlements; path = Lolibaba.entitlements; sourceTree = "<group>"; };
		749A7F8F2C59EB9300B04266 /* Preview Assets.xcassets */ = {isa = PBXFileReference; lastKnownFileType = folder.assetcatalog; path = "Preview Assets.xcassets"; sourceTree = "<group>"; };
		749A7F952C59EB9300B04266 /* LolibabaTests.xctest */ = {isa = PBXFileReference; explicitFileType = wrapper.cfbundle; includeInIndex = 0; path = LolibabaTests.xctest; sourceTree = BUILT_PRODUCTS_DIR; };
		749A7F992C59EB9300B04266 /* LolibabaTests.swift */ = {isa = PBXFileReference; lastKnownFileType = sourcecode.swift; path = LolibabaTests.swift; sourceTree = "<group>"; };
		749A7F9F2C59EB9300B04266 /* LolibabaUITests.xctest */ = {isa = PBXFileReference; explicitFileType = wrapper.cfbundle; includeInIndex = 0; path = LolibabaUITests.xctest; sourceTree = BUILT_PRODUCTS_DIR; };
		749A7FA32C59EB9300B04266 /* LolibabaUITests.swift */ = {isa = PBXFileReference; lastKnownFileType = sourcecode.swift; path = LolibabaUITests.swift; sourceTree = "<group>"; };
		749A7FA52C59EB9300B04266 /* LolibabaUITestsLaunchTests.swift */ = {isa = PBXFileReference; lastKnownFileType = sourcecode.swift; path = LolibabaUITestsLaunchTests.swift; sourceTree = "<group>"; };
		749A7FB22C59F11800B04266 /* SplashScreenView.swift */ = {isa = PBXFileReference; lastKnownFileType = sourcecode.swift; path = SplashScreenView.swift; sourceTree = "<group>"; };
/* End PBXFileReference section */

/* Begin PBXFrameworksBuildPhase section */
		749A7F812C59EB9100B04266 /* Frameworks */ = {
			isa = PBXFrameworksBuildPhase;
			buildActionMask = 2147483647;
			files = (
			);
			runOnlyForDeploymentPostprocessing = 0;
		};
		749A7F922C59EB9300B04266 /* Frameworks */ = {
			isa = PBXFrameworksBuildPhase;
			buildActionMask = 2147483647;
			files = (
			);
			runOnlyForDeploymentPostprocessing = 0;
		};
		749A7F9C2C59EB9300B04266 /* Frameworks */ = {
			isa = PBXFrameworksBuildPhase;
			buildActionMask = 2147483647;
			files = (
			);
			runOnlyForDeploymentPostprocessing = 0;
		};
/* End PBXFrameworksBuildPhase section */

/* Begin PBXGroup section */
		749A7F7B2C59EB9100B04266 = {
			isa = PBXGroup;
			children = (
				749A7F862C59EB9100B04266 /* Lolibaba */,
				749A7F982C59EB9300B04266 /* LolibabaTests */,
				749A7FA22C59EB9300B04266 /* LolibabaUITests */,
				749A7F852C59EB9100B04266 /* Products */,
			);
			sourceTree = "<group>";
		};
		749A7F852C59EB9100B04266 /* Products */ = {
			isa = PBXGroup;
			children = (
				749A7F842C59EB9100B04266 /* Lolibaba.app */,
				749A7F952C59EB9300B04266 /* LolibabaTests.xctest */,
				749A7F9F2C59EB9300B04266 /* LolibabaUITests.xctest */,
			);
			name = Products;
			sourceTree = "<group>";
		};
		749A7F862C59EB9100B04266 /* Lolibaba */ = {
			isa = PBXGroup;
			children = (
				749A7F872C59EB9100B04266 /* LolibabaApp.swift */,
				749A7F892C59EB9100B04266 /* ContentView.swift */,
				749A7F8B2C59EB9300B04266 /* Assets.xcassets */,
				749A7F8D2C59EB9300B04266 /* Lolibaba.entitlements */,
				749A7F8E2C59EB9300B04266 /* Preview Content */,
				749A7FB22C59F11800B04266 /* SplashScreenView.swift */,
			);
			path = Lolibaba;
			sourceTree = "<group>";
		};
		749A7F8E2C59EB9300B04266 /* Preview Content */ = {
			isa = PBXGroup;
			children = (
				749A7F8F2C59EB9300B04266 /* Preview Assets.xcassets */,
			);
			path = "Preview Content";
			sourceTree = "<group>";
		};
		749A7F982C59EB9300B04266 /* LolibabaTests */ = {
			isa = PBXGroup;
			children = (
				749A7F992C59EB9300B04266 /* LolibabaTests.swift */,
			);
			path = LolibabaTests;
			sourceTree = "<group>";
		};
		749A7FA22C59EB9300B04266 /* LolibabaUITests */ = {
			isa = PBXGroup;
			children = (
				749A7FA32C59EB9300B04266 /* LolibabaUITests.swift */,
				749A7FA52C59EB9300B04266 /* LolibabaUITestsLaunchTests.swift */,
			);
			path = LolibabaUITests;
			sourceTree = "<group>";
		};
/* End PBXGroup section */

/* Begin PBXNativeTarget section */
		749A7F832C59EB9100B04266 /* Lolibaba */ = {
			isa = PBXNativeTarget;
			buildConfigurationList = 749A7FA92C59EB9300B04266 /* Build configuration list for PBXNativeTarget "Lolibaba" */;
			buildPhases = (
				749A7F802C59EB9100B04266 /* Sources */,
				749A7F812C59EB9100B04266 /* Frameworks */,
				749A7F822C59EB9100B04266 /* Resources */,
			);
			buildRules = (
			);
			dependencies = (
			);
			name = Lolibaba;
			productName = Lolibaba;
			productReference = 749A7F842C59EB9100B04266 /* Lolibaba.app */;
			productType = "com.apple.product-type.application";
		};
		749A7F942C59EB9300B04266 /* LolibabaTests */ = {
			isa = PBXNativeTarget;
			buildConfigurationList = 749A7FAC2C59EB9300B04266 /* Build configuration list for PBXNativeTarget "LolibabaTests" */;
			buildPhases = (
				749A7F912C59EB9300B04266 /* Sources */,
				749A7F922C59EB9300B04266 /* Frameworks */,
				749A7F932C59EB9300B04266 /* Resources */,
			);
			buildRules = (
			);
			dependencies = (
				749A7F972C59EB9300B04266 /* PBXTargetDependency */,
			);
			name = LolibabaTests;
			productName = LolibabaTests;
			productReference = 749A7F952C59EB9300B04266 /* LolibabaTests.xctest */;
			productType = "com.apple.product-type.bundle.unit-test";
		};
		749A7F9E2C59EB9300B04266 /* LolibabaUITests */ = {
			isa = PBXNativeTarget;
			buildConfigurationList = 749A7FAF2C59EB9300B04266 /* Build configuration list for PBXNativeTarget "LolibabaUITests" */;
			buildPhases = (
				749A7F9B2C59EB9300B04266 /* Sources */,
				749A7F9C2C59EB9300B04266 /* Frameworks */,
				749A7F9D2C59EB9300B04266 /* Resources */,
			);
			buildRules = (
			);
			dependencies = (
				749A7FA12C59EB9300B04266 /* PBXTargetDependency */,
			);
			name = LolibabaUITests;
			productName = LolibabaUITests;
			productReference = 749A7F9F2C59EB9300B04266 /* LolibabaUITests.xctest */;
			productType = "com.apple.product-type.bundle.ui-testing";
		};
/* End PBXNativeTarget section */

/* Begin PBXProject section */
		749A7F7C2C59EB9100B04266 /* Project object */ = {
			isa = PBXProject;
			attributes = {
				BuildIndependentTargetsInParallel = 1;
				LastSwiftUpdateCheck = 1540;
				LastUpgradeCheck = 1540;
				TargetAttributes = {
					749A7F832C59EB9100B04266 = {
						CreatedOnToolsVersion = 15.4;
					};
					749A7F942C59EB9300B04266 = {
						CreatedOnToolsVersion = 15.4;
						TestTargetID = 749A7F832C59EB9100B04266;
					};
					749A7F9E2C59EB9300B04266 = {
						CreatedOnToolsVersion = 15.4;
						TestTargetID = 749A7F832C59EB9100B04266;
					};
				};
			};
			buildConfigurationList = 749A7F7F2C59EB9100B04266 /* Build configuration list for PBXProject "Lolibaba" */;
			compatibilityVersion = "Xcode 14.0";
			developmentRegion = en;
			hasScannedForEncodings = 0;
			knownRegions = (
				en,
				Base,
			);
			mainGroup = 749A7F7B2C59EB9100B04266;
			productRefGroup = 749A7F852C59EB9100B04266 /* Products */;
			projectDirPath = "";
			projectRoot = "";
			targets = (
				749A7F832C59EB9100B04266 /* Lolibaba */,
				749A7F942C59EB9300B04266 /* LolibabaTests */,
				749A7F9E2C59EB9300B04266 /* LolibabaUITests */,
			);
		};
/* End PBXProject section */

/* Begin PBXResourcesBuildPhase section */
		749A7F822C59EB9100B04266 /* Resources */ = {
			isa = PBXResourcesBuildPhase;
			buildActionMask = 2147483647;
			files = (
				749A7F902C59EB9300B04266 /* Preview Assets.xcassets in Resources */,
				749A7F8C2C59EB9300B04266 /* Assets.xcassets in Resources */,
			);
			runOnlyForDeploymentPostprocessing = 0;
		};
		749A7F932C59EB9300B04266 /* Resources */ = {
			isa = PBXResourcesBuildPhase;
			buildActionMask = 2147483647;
			files = (
			);
			runOnlyForDeploymentPostprocessing = 0;
		};
		749A7F9D2C59EB9300B04266 /* Resources */ = {
			isa = PBXResourcesBuildPhase;
			buildActionMask = 2147483647;
			files = (
			);
			runOnlyForDeploymentPostprocessing = 0;
		};
/* End PBXResourcesBuildPhase section */

/* Begin PBXSourcesBuildPhase section */
		749A7F802C59EB9100B04266 /* Sources */ = {
			isa = PBXSourcesBuildPhase;
			buildActionMask = 2147483647;
			files = (
				749A7F8A2C59EB9100B04266 /* ContentView.swift in Sources */,
				749A7F882C59EB9100B04266 /* LolibabaApp.swift in Sources */,
				749A7FB32C59F11800B04266 /* SplashScreenView.swift in Sources */,
			);
			runOnlyForDeploymentPostprocessing = 0;
		};
		749A7F912C59EB9300B04266 /* Sources */ = {
			isa = PBXSourcesBuildPhase;
			buildActionMask = 2147483647;
			files = (
				749A7F9A2C59EB9300B04266 /* LolibabaTests.swift in Sources */,
			);
			runOnlyForDeploymentPostprocessing = 0;
		};
		749A7F9B2C59EB9300B04266 /* Sources */ = {
			isa = PBXSourcesBuildPhase;
			buildActionMask = 2147483647;
			files = (
				749A7FA62C59EB9300B04266 /* LolibabaUITestsLaunchTests.swift in Sources */,
				749A7FA42C59EB9300B04266 /* LolibabaUITests.swift in Sources */,
			);
			runOnlyForDeploymentPostprocessing = 0;
		};
/* End PBXSourcesBuildPhase section */

/* Begin PBXTargetDependency section */
		749A7F972C59EB9300B04266 /* PBXTargetDependency */ = {
			isa = PBXTargetDependency;
			target = 749A7F832C59EB9100B04266 /* Lolibaba */;
			targetProxy = 749A7F962C59EB9300B04266 /* PBXContainerItemProxy */;
		};
		749A7FA12C59EB9300B04266 /* PBXTargetDependency */ = {
			isa = PBXTargetDependency;
			target = 749A7F832C59EB9100B04266 /* Lolibaba */;
			targetProxy = 749A7FA02C59EB9300B04266 /* PBXContainerItemProxy */;
		};
/* End PBXTargetDependency section */

/* Begin XCBuildConfiguration section */
		749A7FA72C59EB9300B04266 /* Debug */ = {
			isa = XCBuildConfiguration;
			buildSettings = {
				ALWAYS_SEARCH_USER_PATHS = NO;
				ASSETCATALOG_COMPILER_GENERATE_SWIFT_ASSET_SYMBOL_EXTENSIONS = YES;
				CLANG_ANALYZER_NONNULL = YES;
				CLANG_ANALYZER_NUMBER_OBJECT_CONVERSION = YES_AGGRESSIVE;
				CLANG_CXX_LANGUAGE_STANDARD = "gnu++20";
				CLANG_ENABLE_MODULES = YES;
				CLANG_ENABLE_OBJC_ARC = YES;
				CLANG_ENABLE_OBJC_WEAK = YES;
				CLANG_WARN_BLOCK_CAPTURE_AUTORELEASING = YES;
				CLANG_WARN_BOOL_CONVERSION = YES;
				CLANG_WARN_COMMA = YES;
				CLANG_WARN_CONSTANT_CONVERSION = YES;
				CLANG_WARN_DEPRECATED_OBJC_IMPLEMENTATIONS = YES;
				CLANG_WARN_DIRECT_OBJC_ISA_USAGE = YES_ERROR;
				CLANG_WARN_DOCUMENTATION_COMMENTS = YES;
				CLANG_WARN_EMPTY_BODY = YES;
				CLANG_WARN_ENUM_CONVERSION = YES;
				CLANG_WARN_INFINITE_RECURSION = YES;
				CLANG_WARN_INT_CONVERSION = YES;
				CLANG_WARN_NON_LITERAL_NULL_CONVERSION = YES;
				CLANG_WARN_OBJC_IMPLICIT_RETAIN_SELF = YES;
				CLANG_WARN_OBJC_LITERAL_CONVERSION = YES;
				CLANG_WARN_OBJC_ROOT_CLASS = YES_ERROR;
				CLANG_WARN_QUOTED_INCLUDE_IN_FRAMEWORK_HEADER = YES;
				CLANG_WARN_RANGE_LOOP_ANALYSIS = YES;
				CLANG_WARN_STRICT_PROTOTYPES = YES;
				CLANG_WARN_SUSPICIOUS_MOVE = YES;
				CLANG_WARN_UNGUARDED_AVAILABILITY = YES_AGGRESSIVE;
				CLANG_WARN_UNREACHABLE_CODE = YES;
				CLANG_WARN__DUPLICATE_METHOD_MATCH = YES;
				COPY_PHASE_STRIP = NO;
				DEBUG_INFORMATION_FORMAT = dwarf;
				ENABLE_STRICT_OBJC_MSGSEND = YES;
				ENABLE_TESTABILITY = YES;
				ENABLE_USER_SCRIPT_SANDBOXING = YES;
				GCC_C_LANGUAGE_STANDARD = gnu17;
				GCC_DYNAMIC_NO_PIC = NO;
				GCC_NO_COMMON_BLOCKS = YES;
				GCC_OPTIMIZATION_LEVEL = 0;
				GCC_PREPROCESSOR_DEFINITIONS = (
					"DEBUG=1",
					"$(inherited)",
				);
				GCC_WARN_64_TO_32_BIT_CONVERSION = YES;
				GCC_WARN_ABOUT_RETURN_TYPE = YES_ERROR;
				GCC_WARN_UNDECLARED_SELECTOR = YES;
				GCC_WARN_UNINITIALIZED_AUTOS = YES_AGGRESSIVE;
				GCC_WARN_UNUSED_FUNCTION = YES;
				GCC_WARN_UNUSED_VARIABLE = YES;
				LOCALIZATION_PREFERS_STRING_CATALOGS = YES;
				MTL_ENABLE_DEBUG_INFO = INCLUDE_SOURCE;
				MTL_FAST_MATH = YES;
				ONLY_ACTIVE_ARCH = YES;
				SWIFT_ACTIVE_COMPILATION_CONDITIONS = "DEBUG $(inherited)";
				SWIFT_OPTIMIZATION_LEVEL = "-Onone";
			};
			name = Debug;
		};
		749A7FA82C59EB9300B04266 /* Release */ = {
			isa = XCBuildConfiguration;
			buildSettings = {
				ALWAYS_SEARCH_USER_PATHS = NO;
				ASSETCATALOG_COMPILER_GENERATE_SWIFT_ASSET_SYMBOL_EXTENSIONS = YES;
				CLANG_ANALYZER_NONNULL = YES;
				CLANG_ANALYZER_NUMBER_OBJECT_CONVERSION = YES_AGGRESSIVE;
				CLANG_CXX_LANGUAGE_STANDARD = "gnu++20";
				CLANG_ENABLE_MODULES = YES;
				CLANG_ENABLE_OBJC_ARC = YES;
				CLANG_ENABLE_OBJC_WEAK = YES;
				CLANG_WARN_BLOCK_CAPTURE_AUTORELEASING = YES;
				CLANG_WARN_BOOL_CONVERSION = YES;
				CLANG_WARN_COMMA = YES;
				CLANG_WARN_CONSTANT_CONVERSION = YES;
				CLANG_WARN_DEPRECATED_OBJC_IMPLEMENTATIONS = YES;
				CLANG_WARN_DIRECT_OBJC_ISA_USAGE = YES_ERROR;
				CLANG_WARN_DOCUMENTATION_COMMENTS = YES;
				CLANG_WARN_EMPTY_BODY = YES;
				CLANG_WARN_ENUM_CONVERSION = YES;
				CLANG_WARN_INFINITE_RECURSION = YES;
				CLANG_WARN_INT_CONVERSION = YES;
				CLANG_WARN_NON_LITERAL_NULL_CONVERSION = YES;
				CLANG_WARN_OBJC_IMPLICIT_RETAIN_SELF = YES;
				CLANG_WARN_OBJC_LITERAL_CONVERSION = YES;
				CLANG_WARN_OBJC_ROOT_CLASS = YES_ERROR;
				CLANG_WARN_QUOTED_INCLUDE_IN_FRAMEWORK_HEADER = YES;
				CLANG_WARN_RANGE_LOOP_ANALYSIS = YES;
				CLANG_WARN_STRICT_PROTOTYPES = YES;
				CLANG_WARN_SUSPICIOUS_MOVE = YES;
				CLANG_WARN_UNGUARDED_AVAILABILITY = YES_AGGRESSIVE;
				CLANG_WARN_UNREACHABLE_CODE = YES;
				CLANG_WARN__DUPLICATE_METHOD_MATCH = YES;
				COPY_PHASE_STRIP = NO;
				DEBUG_INFORMATION_FORMAT = "dwarf-with-dsym";
				ENABLE_NS_ASSERTIONS = NO;
				ENABLE_STRICT_OBJC_MSGSEND = YES;
				ENABLE_USER_SCRIPT_SANDBOXING = YES;
				GCC_C_LANGUAGE_STANDARD = gnu17;
				GCC_NO_COMMON_BLOCKS = YES;
				GCC_WARN_64_TO_32_BIT_CONVERSION = YES;
				GCC_WARN_ABOUT_RETURN_TYPE = YES_ERROR;
				GCC_WARN_UNDECLARED_SELECTOR = YES;
				GCC_WARN_UNINITIALIZED_AUTOS = YES_AGGRESSIVE;
				GCC_WARN_UNUSED_FUNCTION = YES;
				GCC_WARN_UNUSED_VARIABLE = YES;
				LOCALIZATION_PREFERS_STRING_CATALOGS = YES;
				MTL_ENABLE_DEBUG_INFO = NO;
				MTL_FAST_MATH = YES;
				SWIFT_COMPILATION_MODE = wholemodule;
			};
			name = Release;
		};
		749A7FAA2C59EB9300B04266 /* Debug */ = {
			isa = XCBuildConfiguration;
			buildSettings = {
				ASSETCATALOG_COMPILER_APPICON_NAME = AppIcon;
				ASSETCATALOG_COMPILER_GLOBAL_ACCENT_COLOR_NAME = AccentColor;
				CODE_SIGN_ENTITLEMENTS = Lolibaba/Lolibaba.entitlements;
				CODE_SIGN_STYLE = Automatic;
				CURRENT_PROJECT_VERSION = 1;
				DEVELOPMENT_ASSET_PATHS = "\"Lolibaba/Preview Content\"";
				ENABLE_PREVIEWS = YES;
				GENERATE_INFOPLIST_FILE = YES;
				"INFOPLIST_KEY_UIApplicationSceneManifest_Generation[sdk=iphoneos*]" = YES;
				"INFOPLIST_KEY_UIApplicationSceneManifest_Generation[sdk=iphonesimulator*]" = YES;
				"INFOPLIST_KEY_UIApplicationSupportsIndirectInputEvents[sdk=iphoneos*]" = YES;
				"INFOPLIST_KEY_UIApplicationSupportsIndirectInputEvents[sdk=iphonesimulator*]" = YES;
				"INFOPLIST_KEY_UILaunchScreen_Generation[sdk=iphoneos*]" = YES;
				"INFOPLIST_KEY_UILaunchScreen_Generation[sdk=iphonesimulator*]" = YES;
				INFOPLIST_KEY_UILaunchStoryboardName = LaunchScreenView.swift;
				"INFOPLIST_KEY_UIStatusBarStyle[sdk=iphoneos*]" = UIStatusBarStyleDefault;
				"INFOPLIST_KEY_UIStatusBarStyle[sdk=iphonesimulator*]" = UIStatusBarStyleDefault;
				INFOPLIST_KEY_UISupportedInterfaceOrientations_iPad = "UIInterfaceOrientationPortrait UIInterfaceOrientationPortraitUpsideDown UIInterfaceOrientationLandscapeLeft UIInterfaceOrientationLandscapeRight";
				INFOPLIST_KEY_UISupportedInterfaceOrientations_iPhone = "UIInterfaceOrientationPortrait UIInterfaceOrientationLandscapeLeft UIInterfaceOrientationLandscapeRight";
				IPHONEOS_DEPLOYMENT_TARGET = 17.5;
				LD_RUNPATH_SEARCH_PATHS = "@executable_path/Frameworks";
				"LD_RUNPATH_SEARCH_PATHS[sdk=macosx*]" = "@executable_path/../Frameworks";
				MACOSX_DEPLOYMENT_TARGET = 14.5;
				MARKETING_VERSION = 1.0;
				PRODUCT_BUNDLE_IDENTIFIER = lolibaba.Lolibaba;
				PRODUCT_NAME = "$(TARGET_NAME)";
				SDKROOT = auto;
				SUPPORTED_PLATFORMS = "iphoneos iphonesimulator";
				SUPPORTS_MACCATALYST = NO;
				SWIFT_EMIT_LOC_STRINGS = YES;
				SWIFT_VERSION = 5.0;
				TARGETED_DEVICE_FAMILY = 1;
			};
			name = Debug;
		};
		749A7FAB2C59EB9300B04266 /* Release */ = {
			isa = XCBuildConfiguration;
			buildSettings = {
				ASSETCATALOG_COMPILER_APPICON_NAME = AppIcon;
				ASSETCATALOG_COMPILER_GLOBAL_ACCENT_COLOR_NAME = AccentColor;
				CODE_SIGN_ENTITLEMENTS = Lolibaba/Lolibaba.entitlements;
				CODE_SIGN_STYLE = Automatic;
				CURRENT_PROJECT_VERSION = 1;
				DEVELOPMENT_ASSET_PATHS = "\"Lolibaba/Preview Content\"";
				ENABLE_PREVIEWS = YES;
				GENERATE_INFOPLIST_FILE = YES;
				"INFOPLIST_KEY_UIApplicationSceneManifest_Generation[sdk=iphoneos*]" = YES;
				"INFOPLIST_KEY_UIApplicationSceneManifest_Generation[sdk=iphonesimulator*]" = YES;
				"INFOPLIST_KEY_UIApplicationSupportsIndirectInputEvents[sdk=iphoneos*]" = YES;
				"INFOPLIST_KEY_UIApplicationSupportsIndirectInputEvents[sdk=iphonesimulator*]" = YES;
				"INFOPLIST_KEY_UILaunchScreen_Generation[sdk=iphoneos*]" = YES;
				"INFOPLIST_KEY_UILaunchScreen_Generation[sdk=iphonesimulator*]" = YES;
				INFOPLIST_KEY_UILaunchStoryboardName = LaunchScreenView.swift;
				"INFOPLIST_KEY_UIStatusBarStyle[sdk=iphoneos*]" = UIStatusBarStyleDefault;
				"INFOPLIST_KEY_UIStatusBarStyle[sdk=iphonesimulator*]" = UIStatusBarStyleDefault;
				INFOPLIST_KEY_UISupportedInterfaceOrientations_iPad = "UIInterfaceOrientationPortrait UIInterfaceOrientationPortraitUpsideDown UIInterfaceOrientationLandscapeLeft UIInterfaceOrientationLandscapeRight";
				INFOPLIST_KEY_UISupportedInterfaceOrientations_iPhone = "UIInterfaceOrientationPortrait UIInterfaceOrientationLandscapeLeft UIInterfaceOrientationLandscapeRight";
				IPHONEOS_DEPLOYMENT_TARGET = 17.5;
				LD_RUNPATH_SEARCH_PATHS = "@executable_path/Frameworks";
				"LD_RUNPATH_SEARCH_PATHS[sdk=macosx*]" = "@executable_path/../Frameworks";
				MACOSX_DEPLOYMENT_TARGET = 14.5;
				MARKETING_VERSION = 1.0;
				PRODUCT_BUNDLE_IDENTIFIER = lolibaba.Lolibaba;
				PRODUCT_NAME = "$(TARGET_NAME)";
				SDKROOT = auto;
				SUPPORTED_PLATFORMS = "iphoneos iphonesimulator";
				SUPPORTS_MACCATALYST = NO;
				SWIFT_EMIT_LOC_STRINGS = YES;
				SWIFT_VERSION = 5.0;
				TARGETED_DEVICE_FAMILY = 1;
			};
			name = Release;
		};
		749A7FAD2C59EB9300B04266 /* Debug */ = {
			isa = XCBuildConfiguration;
			buildSettings = {
				ALWAYS_EMBED_SWIFT_STANDARD_LIBRARIES = YES;
				BUNDLE_LOADER = "$(TEST_HOST)";
				CODE_SIGN_STYLE = Automatic;
				CURRENT_PROJECT_VERSION = 1;
				GENERATE_INFOPLIST_FILE = YES;
				IPHONEOS_DEPLOYMENT_TARGET = 17.5;
				MACOSX_DEPLOYMENT_TARGET = 14.5;
				MARKETING_VERSION = 1.0;
				PRODUCT_BUNDLE_IDENTIFIER = lolibaba.LolibabaTests;
				PRODUCT_NAME = "$(TARGET_NAME)";
				SDKROOT = auto;
				SUPPORTED_PLATFORMS = "iphoneos iphonesimulator macosx";
				SWIFT_EMIT_LOC_STRINGS = NO;
				SWIFT_VERSION = 5.0;
				TARGETED_DEVICE_FAMILY = "1,2";
				TEST_HOST = "$(BUILT_PRODUCTS_DIR)/Lolibaba.app/$(BUNDLE_EXECUTABLE_FOLDER_PATH)/Lolibaba";
			};
			name = Debug;
		};
		749A7FAE2C59EB9300B04266 /* Release */ = {
			isa = XCBuildConfiguration;
			buildSettings = {
				ALWAYS_EMBED_SWIFT_STANDARD_LIBRARIES = YES;
				BUNDLE_LOADER = "$(TEST_HOST)";
				CODE_SIGN_STYLE = Automatic;
				CURRENT_PROJECT_VERSION = 1;
				GENERATE_INFOPLIST_FILE = YES;
				IPHONEOS_DEPLOYMENT_TARGET = 17.5;
				MACOSX_DEPLOYMENT_TARGET = 14.5;
				MARKETING_VERSION = 1.0;
				PRODUCT_BUNDLE_IDENTIFIER = lolibaba.LolibabaTests;
				PRODUCT_NAME = "$(TARGET_NAME)";
				SDKROOT = auto;
				SUPPORTED_PLATFORMS = "iphoneos iphonesimulator macosx";
				SWIFT_EMIT_LOC_STRINGS = NO;
				SWIFT_VERSION = 5.0;
				TARGETED_DEVICE_FAMILY = "1,2";
				TEST_HOST = "$(BUILT_PRODUCTS_DIR)/Lolibaba.app/$(BUNDLE_EXECUTABLE_FOLDER_PATH)/Lolibaba";
			};
			name = Release;
		};
		749A7FB02C59EB9300B04266 /* Debug */ = {
			isa = XCBuildConfiguration;
			buildSettings = {
				ALWAYS_EMBED_SWIFT_STANDARD_LIBRARIES = YES;
				CODE_SIGN_STYLE = Automatic;
				CURRENT_PROJECT_VERSION = 1;
				GENERATE_INFOPLIST_FILE = YES;
				IPHONEOS_DEPLOYMENT_TARGET = 17.5;
				MACOSX_DEPLOYMENT_TARGET = 14.5;
				MARKETING_VERSION = 1.0;
				PRODUCT_BUNDLE_IDENTIFIER = lolibaba.LolibabaUITests;
				PRODUCT_NAME = "$(TARGET_NAME)";
				SDKROOT = auto;
				SUPPORTED_PLATFORMS = "iphoneos iphonesimulator macosx";
				SWIFT_EMIT_LOC_STRINGS = NO;
				SWIFT_VERSION = 5.0;
				TARGETED_DEVICE_FAMILY = "1,2";
				TEST_TARGET_NAME = Lolibaba;
			};
			name = Debug;
		};
		749A7FB12C59EB9300B04266 /* Release */ = {
			isa = XCBuildConfiguration;
			buildSettings = {
				ALWAYS_EMBED_SWIFT_STANDARD_LIBRARIES = YES;
				CODE_SIGN_STYLE = Automatic;
				CURRENT_PROJECT_VERSION = 1;
				GENERATE_INFOPLIST_FILE = YES;
				IPHONEOS_DEPLOYMENT_TARGET = 17.5;
				MACOSX_DEPLOYMENT_TARGET = 14.5;
				MARKETING_VERSION = 1.0;
				PRODUCT_BUNDLE_IDENTIFIER = lolibaba.LolibabaUITests;
				PRODUCT_NAME = "$(TARGET_NAME)";
				SDKROOT = auto;
				SUPPORTED_PLATFORMS = "iphoneos iphonesimulator macosx";
				SWIFT_EMIT_LOC_STRINGS = NO;
				SWIFT_VERSION = 5.0;
				TARGETED_DEVICE_FAMILY = "1,2";
				TEST_TARGET_NAME = Lolibaba;
			};
			name = Release;
		};
/* End XCBuildConfiguration section */

/* Begin XCConfigurationList section */
		749A7F7F2C59EB9100B04266 /* Build configuration list for PBXProject "Lolibaba" */ = {
			isa = XCConfigurationList;
			buildConfigurations = (
				749A7FA72C59EB9300B04266 /* Debug */,
				749A7FA82C59EB9300B04266 /* Release */,
			);
			defaultConfigurationIsVisible = 0;
			defaultConfigurationName = Release;
		};
		749A7FA92C59EB9300B04266 /* Build configuration list for PBXNativeTarget "Lolibaba" */ = {
			isa = XCConfigurationList;
			buildConfigurations = (
				749A7FAA2C59EB9300B04266 /* Debug */,
				749A7FAB2C59EB9300B04266 /* Release */,
			);
			defaultConfigurationIsVisible = 0;
			defaultConfigurationName = Release;
		};
		749A7FAC2C59EB9300B04266 /* Build configuration list for PBXNativeTarget "LolibabaTests" */ = {
			isa = XCConfigurationList;
			buildConfigurations = (
				749A7FAD2C59EB9300B04266 /* Debug */,
				749A7FAE2C59EB9300B04266 /* Release */,
			);
			defaultConfigurationIsVisible = 0;
			defaultConfigurationName = Release;
		};
		749A7FAF2C59EB9300B04266 /* Build configuration list for PBXNativeTarget "LolibabaUITests" */ = {
			isa = XCConfigurationList;
			buildConfigurations = (
				749A7FB02C59EB9300B04266 /* Debug */,
				749A7FB12C59EB9300B04266 /* Release */,
			);
			defaultConfigurationIsVisible = 0;
			defaultConfigurationName = Release;
		};
/* End XCConfigurationList section */
	};
	rootObject = 749A7F7C2C59EB9100B04266 /* Project object */;
}
