// !$*UTF8*$!
{
	archiveVersion = 1;
	classes = {
	};
	objectVersion = 56;
	objects = {

/* Begin PBXBuildFile section */
		742074BD2C5CC3680055A3A6 /* HomeView.swift in Sources */ = {isa = PBXBuildFile; fileRef = 742074BC2C5CC3680055A3A6 /* HomeView.swift */; };
		742074C02C5CC44D0055A3A6 /* ProductDetailView.swift in Sources */ = {isa = PBXBuildFile; fileRef = 742074BF2C5CC44D0055A3A6 /* ProductDetailView.swift */; };
		742B4C462C65EA58002A7091 /* CartView.swift in Sources */ = {isa = PBXBuildFile; fileRef = 742B4C452C65EA58002A7091 /* CartView.swift */; };
		74449C812C620C8800FFBE0C /* CurrencyUtils.swift in Sources */ = {isa = PBXBuildFile; fileRef = 74449C802C620C8800FFBE0C /* CurrencyUtils.swift */; };
		74449CA12C621C3700FFBE0C /* UIScreen+Extension.swift in Sources */ = {isa = PBXBuildFile; fileRef = 74449CA02C621C3700FFBE0C /* UIScreen+Extension.swift */; };
		747073252C634F2D00F1B5A6 /* ProductCellView.swift in Sources */ = {isa = PBXBuildFile; fileRef = 747073242C634F2D00F1B5A6 /* ProductCellView.swift */; };
		747073272C63524900F1B5A6 /* CategoryCellView.swift in Sources */ = {isa = PBXBuildFile; fileRef = 747073262C63524900F1B5A6 /* CategoryCellView.swift */; };
		747073292C6352C800F1B5A6 /* Product.swift in Sources */ = {isa = PBXBuildFile; fileRef = 747073282C6352C800F1B5A6 /* Product.swift */; };
		748E0A422C65F5240028E588 /* CheckBoxView.swift in Sources */ = {isa = PBXBuildFile; fileRef = 748E0A412C65F5240028E588 /* CheckBoxView.swift */; };
		749A7F882C59EB9100B04266 /* LolibabaApp.swift in Sources */ = {isa = PBXBuildFile; fileRef = 749A7F872C59EB9100B04266 /* LolibabaApp.swift */; };
		749A7FB32C59F11800B04266 /* SplashScreenView.swift in Sources */ = {isa = PBXBuildFile; fileRef = 749A7FB22C59F11800B04266 /* SplashScreenView.swift */; };
		74D723802C5CBF9D0044B859 /* Montserrat-Black.ttf in Resources */ = {isa = PBXBuildFile; fileRef = 74D723602C5CBF9D0044B859 /* Montserrat-Black.ttf */; };
		74D723812C5CBF9D0044B859 /* Montserrat-BlackItalic.ttf in Resources */ = {isa = PBXBuildFile; fileRef = 74D723612C5CBF9D0044B859 /* Montserrat-BlackItalic.ttf */; };
		74D723822C5CBF9D0044B859 /* Montserrat-Bold.ttf in Resources */ = {isa = PBXBuildFile; fileRef = 74D723622C5CBF9D0044B859 /* Montserrat-Bold.ttf */; };
		74D723832C5CBF9D0044B859 /* Montserrat-BoldItalic.ttf in Resources */ = {isa = PBXBuildFile; fileRef = 74D723632C5CBF9D0044B859 /* Montserrat-BoldItalic.ttf */; };
		74D723842C5CBF9D0044B859 /* Montserrat-ExtraBold.ttf in Resources */ = {isa = PBXBuildFile; fileRef = 74D723642C5CBF9D0044B859 /* Montserrat-ExtraBold.ttf */; };
		74D723852C5CBF9D0044B859 /* Montserrat-ExtraBoldItalic.ttf in Resources */ = {isa = PBXBuildFile; fileRef = 74D723652C5CBF9D0044B859 /* Montserrat-ExtraBoldItalic.ttf */; };
		74D723862C5CBF9D0044B859 /* Montserrat-ExtraLight.ttf in Resources */ = {isa = PBXBuildFile; fileRef = 74D723662C5CBF9D0044B859 /* Montserrat-ExtraLight.ttf */; };
		74D723872C5CBF9D0044B859 /* Montserrat-ExtraLightItalic.ttf in Resources */ = {isa = PBXBuildFile; fileRef = 74D723672C5CBF9D0044B859 /* Montserrat-ExtraLightItalic.ttf */; };
		74D723882C5CBF9D0044B859 /* Montserrat-Italic.ttf in Resources */ = {isa = PBXBuildFile; fileRef = 74D723682C5CBF9D0044B859 /* Montserrat-Italic.ttf */; };
		74D723892C5CBF9D0044B859 /* Montserrat-Light.ttf in Resources */ = {isa = PBXBuildFile; fileRef = 74D723692C5CBF9D0044B859 /* Montserrat-Light.ttf */; };
		74D7238A2C5CBF9D0044B859 /* Montserrat-LightItalic.ttf in Resources */ = {isa = PBXBuildFile; fileRef = 74D7236A2C5CBF9D0044B859 /* Montserrat-LightItalic.ttf */; };
		74D7238B2C5CBF9D0044B859 /* Montserrat-Medium.ttf in Resources */ = {isa = PBXBuildFile; fileRef = 74D7236B2C5CBF9D0044B859 /* Montserrat-Medium.ttf */; };
		74D7238C2C5CBF9D0044B859 /* Montserrat-MediumItalic.ttf in Resources */ = {isa = PBXBuildFile; fileRef = 74D7236C2C5CBF9D0044B859 /* Montserrat-MediumItalic.ttf */; };
		74D7238D2C5CBF9D0044B859 /* Montserrat-Regular.ttf in Resources */ = {isa = PBXBuildFile; fileRef = 74D7236D2C5CBF9D0044B859 /* Montserrat-Regular.ttf */; };
		74D7238E2C5CBF9D0044B859 /* Montserrat-SemiBold.ttf in Resources */ = {isa = PBXBuildFile; fileRef = 74D7236E2C5CBF9D0044B859 /* Montserrat-SemiBold.ttf */; };
		74D7238F2C5CBF9D0044B859 /* Montserrat-SemiBoldItalic.ttf in Resources */ = {isa = PBXBuildFile; fileRef = 74D7236F2C5CBF9D0044B859 /* Montserrat-SemiBoldItalic.ttf */; };
		74D723902C5CBF9D0044B859 /* Montserrat-Thin.ttf in Resources */ = {isa = PBXBuildFile; fileRef = 74D723702C5CBF9D0044B859 /* Montserrat-Thin.ttf */; };
		74D723912C5CBF9D0044B859 /* Montserrat-ThinItalic.ttf in Resources */ = {isa = PBXBuildFile; fileRef = 74D723712C5CBF9D0044B859 /* Montserrat-ThinItalic.ttf */; };
		74D723922C5CBF9D0044B859 /* Font+Extension.swift in Sources */ = {isa = PBXBuildFile; fileRef = 74D723752C5CBF9D0044B859 /* Font+Extension.swift */; };
		74D723932C5CBF9D0044B859 /* MainMenuView.swift in Sources */ = {isa = PBXBuildFile; fileRef = 74D723782C5CBF9D0044B859 /* MainMenuView.swift */; };
		74D723942C5CBF9D0044B859 /* Assets.xcassets in Resources */ = {isa = PBXBuildFile; fileRef = 74D723792C5CBF9D0044B859 /* Assets.xcassets */; };
		74D723972C5CBF9D0044B859 /* Autosort.pl in Resources */ = {isa = PBXBuildFile; fileRef = 74D7237E2C5CBF9D0044B859 /* Autosort.pl */; };
/* End PBXBuildFile section */

/* Begin PBXFileReference section */
		742074BC2C5CC3680055A3A6 /* HomeView.swift */ = {isa = PBXFileReference; lastKnownFileType = sourcecode.swift; path = HomeView.swift; sourceTree = "<group>"; };
		742074BF2C5CC44D0055A3A6 /* ProductDetailView.swift */ = {isa = PBXFileReference; lastKnownFileType = sourcecode.swift; path = ProductDetailView.swift; sourceTree = "<group>"; };
		742B4C452C65EA58002A7091 /* CartView.swift */ = {isa = PBXFileReference; lastKnownFileType = sourcecode.swift; path = CartView.swift; sourceTree = "<group>"; };
		74449C802C620C8800FFBE0C /* CurrencyUtils.swift */ = {isa = PBXFileReference; lastKnownFileType = sourcecode.swift; path = CurrencyUtils.swift; sourceTree = "<group>"; };
		74449C9F2C6217CF00FFBE0C /* Info.plist */ = {isa = PBXFileReference; lastKnownFileType = text.plist; path = Info.plist; sourceTree = "<group>"; };
		74449CA02C621C3700FFBE0C /* UIScreen+Extension.swift */ = {isa = PBXFileReference; lastKnownFileType = sourcecode.swift; path = "UIScreen+Extension.swift"; sourceTree = "<group>"; };
		747073242C634F2D00F1B5A6 /* ProductCellView.swift */ = {isa = PBXFileReference; lastKnownFileType = sourcecode.swift; path = ProductCellView.swift; sourceTree = "<group>"; };
		747073262C63524900F1B5A6 /* CategoryCellView.swift */ = {isa = PBXFileReference; lastKnownFileType = sourcecode.swift; path = CategoryCellView.swift; sourceTree = "<group>"; };
		747073282C6352C800F1B5A6 /* Product.swift */ = {isa = PBXFileReference; lastKnownFileType = sourcecode.swift; path = Product.swift; sourceTree = "<group>"; };
		748E0A412C65F5240028E588 /* CheckBoxView.swift */ = {isa = PBXFileReference; lastKnownFileType = sourcecode.swift; path = CheckBoxView.swift; sourceTree = "<group>"; };
		749A7F842C59EB9100B04266 /* Lolibaba.app */ = {isa = PBXFileReference; explicitFileType = wrapper.application; includeInIndex = 0; path = Lolibaba.app; sourceTree = BUILT_PRODUCTS_DIR; };
		749A7F872C59EB9100B04266 /* LolibabaApp.swift */ = {isa = PBXFileReference; lastKnownFileType = sourcecode.swift; path = LolibabaApp.swift; sourceTree = "<group>"; };
		749A7F8D2C59EB9300B04266 /* Lolibaba.entitlements */ = {isa = PBXFileReference; lastKnownFileType = text.plist.entitlements; path = Lolibaba.entitlements; sourceTree = "<group>"; };
		749A7FB22C59F11800B04266 /* SplashScreenView.swift */ = {isa = PBXFileReference; lastKnownFileType = sourcecode.swift; path = SplashScreenView.swift; sourceTree = "<group>"; };
		74D723602C5CBF9D0044B859 /* Montserrat-Black.ttf */ = {isa = PBXFileReference; lastKnownFileType = file; path = "Montserrat-Black.ttf"; sourceTree = "<group>"; };
		74D723612C5CBF9D0044B859 /* Montserrat-BlackItalic.ttf */ = {isa = PBXFileReference; lastKnownFileType = file; path = "Montserrat-BlackItalic.ttf"; sourceTree = "<group>"; };
		74D723622C5CBF9D0044B859 /* Montserrat-Bold.ttf */ = {isa = PBXFileReference; lastKnownFileType = file; path = "Montserrat-Bold.ttf"; sourceTree = "<group>"; };
		74D723632C5CBF9D0044B859 /* Montserrat-BoldItalic.ttf */ = {isa = PBXFileReference; lastKnownFileType = file; path = "Montserrat-BoldItalic.ttf"; sourceTree = "<group>"; };
		74D723642C5CBF9D0044B859 /* Montserrat-ExtraBold.ttf */ = {isa = PBXFileReference; lastKnownFileType = file; path = "Montserrat-ExtraBold.ttf"; sourceTree = "<group>"; };
		74D723652C5CBF9D0044B859 /* Montserrat-ExtraBoldItalic.ttf */ = {isa = PBXFileReference; lastKnownFileType = file; path = "Montserrat-ExtraBoldItalic.ttf"; sourceTree = "<group>"; };
		74D723662C5CBF9D0044B859 /* Montserrat-ExtraLight.ttf */ = {isa = PBXFileReference; lastKnownFileType = file; path = "Montserrat-ExtraLight.ttf"; sourceTree = "<group>"; };
		74D723672C5CBF9D0044B859 /* Montserrat-ExtraLightItalic.ttf */ = {isa = PBXFileReference; lastKnownFileType = file; path = "Montserrat-ExtraLightItalic.ttf"; sourceTree = "<group>"; };
		74D723682C5CBF9D0044B859 /* Montserrat-Italic.ttf */ = {isa = PBXFileReference; lastKnownFileType = file; path = "Montserrat-Italic.ttf"; sourceTree = "<group>"; };
		74D723692C5CBF9D0044B859 /* Montserrat-Light.ttf */ = {isa = PBXFileReference; lastKnownFileType = file; path = "Montserrat-Light.ttf"; sourceTree = "<group>"; };
		74D7236A2C5CBF9D0044B859 /* Montserrat-LightItalic.ttf */ = {isa = PBXFileReference; lastKnownFileType = file; path = "Montserrat-LightItalic.ttf"; sourceTree = "<group>"; };
		74D7236B2C5CBF9D0044B859 /* Montserrat-Medium.ttf */ = {isa = PBXFileReference; lastKnownFileType = file; path = "Montserrat-Medium.ttf"; sourceTree = "<group>"; };
		74D7236C2C5CBF9D0044B859 /* Montserrat-MediumItalic.ttf */ = {isa = PBXFileReference; lastKnownFileType = file; path = "Montserrat-MediumItalic.ttf"; sourceTree = "<group>"; };
		74D7236D2C5CBF9D0044B859 /* Montserrat-Regular.ttf */ = {isa = PBXFileReference; lastKnownFileType = file; path = "Montserrat-Regular.ttf"; sourceTree = "<group>"; };
		74D7236E2C5CBF9D0044B859 /* Montserrat-SemiBold.ttf */ = {isa = PBXFileReference; lastKnownFileType = file; path = "Montserrat-SemiBold.ttf"; sourceTree = "<group>"; };
		74D7236F2C5CBF9D0044B859 /* Montserrat-SemiBoldItalic.ttf */ = {isa = PBXFileReference; lastKnownFileType = file; path = "Montserrat-SemiBoldItalic.ttf"; sourceTree = "<group>"; };
		74D723702C5CBF9D0044B859 /* Montserrat-Thin.ttf */ = {isa = PBXFileReference; lastKnownFileType = file; path = "Montserrat-Thin.ttf"; sourceTree = "<group>"; };
		74D723712C5CBF9D0044B859 /* Montserrat-ThinItalic.ttf */ = {isa = PBXFileReference; lastKnownFileType = file; path = "Montserrat-ThinItalic.ttf"; sourceTree = "<group>"; };
		74D723752C5CBF9D0044B859 /* Font+Extension.swift */ = {isa = PBXFileReference; fileEncoding = 4; lastKnownFileType = sourcecode.swift; path = "Font+Extension.swift"; sourceTree = "<group>"; };
		74D723782C5CBF9D0044B859 /* MainMenuView.swift */ = {isa = PBXFileReference; fileEncoding = 4; lastKnownFileType = sourcecode.swift; path = MainMenuView.swift; sourceTree = "<group>"; };
		74D723792C5CBF9D0044B859 /* Assets.xcassets */ = {isa = PBXFileReference; lastKnownFileType = folder.assetcatalog; path = Assets.xcassets; sourceTree = "<group>"; };
		74D7237E2C5CBF9D0044B859 /* Autosort.pl */ = {isa = PBXFileReference; fileEncoding = 4; lastKnownFileType = text.script.perl; path = Autosort.pl; sourceTree = "<group>"; };
/* End PBXFileReference section */

/* Begin PBXFrameworksBuildPhase section */
		749A7F812C59EB9100B04266 /* Frameworks */ = {
			isa = PBXFrameworksBuildPhase;
			buildActionMask = 2147483647;
			files = (
			);
			runOnlyForDeploymentPostprocessing = 0;
		};
/* End PBXFrameworksBuildPhase section */

/* Begin PBXGroup section */
		742074BB2C5CC34F0055A3A6 /* Home */ = {
			isa = PBXGroup;
			children = (
				747073262C63524900F1B5A6 /* CategoryCellView.swift */,
				742074BC2C5CC3680055A3A6 /* HomeView.swift */,
				747073282C6352C800F1B5A6 /* Product.swift */,
				747073242C634F2D00F1B5A6 /* ProductCellView.swift */,
			);
			path = Home;
			sourceTree = "<group>";
		};
		742074BE2C5CC3DB0055A3A6 /* Product Detail */ = {
			isa = PBXGroup;
			children = (
				742074BF2C5CC44D0055A3A6 /* ProductDetailView.swift */,
			);
			path = "Product Detail";
			sourceTree = "<group>";
		};
		742B4C442C65EA43002A7091 /* Cart */ = {
			isa = PBXGroup;
			children = (
				742B4C452C65EA58002A7091 /* CartView.swift */,
			);
			path = Cart;
			sourceTree = "<group>";
		};
		74449C7F2C620A8D00FFBE0C /* Utilities */ = {
			isa = PBXGroup;
			children = (
				74449C802C620C8800FFBE0C /* CurrencyUtils.swift */,
			);
			path = Utilities;
			sourceTree = "<group>";
		};
		7470732A2C63542800F1B5A6 /* Account */ = {
			isa = PBXGroup;
			children = (
			);
			path = Account;
			sourceTree = "<group>";
		};
		748E0A402C65F4F20028E588 /* Custom View */ = {
			isa = PBXGroup;
			children = (
				748E0A412C65F5240028E588 /* CheckBoxView.swift */,
			);
			path = "Custom View";
			sourceTree = "<group>";
		};
		749A7F7B2C59EB9100B04266 = {
			isa = PBXGroup;
			children = (
				749A7F862C59EB9100B04266 /* Lolibaba */,
				749A7F852C59EB9100B04266 /* Products */,
			);
			sourceTree = "<group>";
		};
		749A7F852C59EB9100B04266 /* Products */ = {
			isa = PBXGroup;
			children = (
				749A7F842C59EB9100B04266 /* Lolibaba.app */,
			);
			name = Products;
			sourceTree = "<group>";
		};
		749A7F862C59EB9100B04266 /* Lolibaba */ = {
			isa = PBXGroup;
			children = (
				74D723992C5CC0A50044B859 /* App */,
				74D7237B2C5CBF9D0044B859 /* Assets */,
				74D723982C5CC0520044B859 /* Features */,
				74D723742C5CBF9D0044B859 /* Resources */,
				74D7237F2C5CBF9D0044B859 /* Script */,
				74D723772C5CBF9D0044B859 /* Shared */,
				74449C9F2C6217CF00FFBE0C /* Info.plist */,
				749A7F8D2C59EB9300B04266 /* Lolibaba.entitlements */,
			);
			path = Lolibaba;
			sourceTree = "<group>";
		};
		74D723722C5CBF9D0044B859 /* Montserrat */ = {
			isa = PBXGroup;
			children = (
				74D723602C5CBF9D0044B859 /* Montserrat-Black.ttf */,
				74D723612C5CBF9D0044B859 /* Montserrat-BlackItalic.ttf */,
				74D723622C5CBF9D0044B859 /* Montserrat-Bold.ttf */,
				74D723632C5CBF9D0044B859 /* Montserrat-BoldItalic.ttf */,
				74D723642C5CBF9D0044B859 /* Montserrat-ExtraBold.ttf */,
				74D723652C5CBF9D0044B859 /* Montserrat-ExtraBoldItalic.ttf */,
				74D723662C5CBF9D0044B859 /* Montserrat-ExtraLight.ttf */,
				74D723672C5CBF9D0044B859 /* Montserrat-ExtraLightItalic.ttf */,
				74D723682C5CBF9D0044B859 /* Montserrat-Italic.ttf */,
				74D723692C5CBF9D0044B859 /* Montserrat-Light.ttf */,
				74D7236A2C5CBF9D0044B859 /* Montserrat-LightItalic.ttf */,
				74D7236B2C5CBF9D0044B859 /* Montserrat-Medium.ttf */,
				74D7236C2C5CBF9D0044B859 /* Montserrat-MediumItalic.ttf */,
				74D7236D2C5CBF9D0044B859 /* Montserrat-Regular.ttf */,
				74D7236E2C5CBF9D0044B859 /* Montserrat-SemiBold.ttf */,
				74D7236F2C5CBF9D0044B859 /* Montserrat-SemiBoldItalic.ttf */,
				74D723702C5CBF9D0044B859 /* Montserrat-Thin.ttf */,
				74D723712C5CBF9D0044B859 /* Montserrat-ThinItalic.ttf */,
			);
			path = Montserrat;
			sourceTree = "<group>";
		};
		74D723732C5CBF9D0044B859 /* Font */ = {
			isa = PBXGroup;
			children = (
				74D723722C5CBF9D0044B859 /* Montserrat */,
			);
			path = Font;
			sourceTree = "<group>";
		};
		74D723742C5CBF9D0044B859 /* Resources */ = {
			isa = PBXGroup;
			children = (
				74D723732C5CBF9D0044B859 /* Font */,
			);
			path = Resources;
			sourceTree = "<group>";
		};
		74D723762C5CBF9D0044B859 /* Extensions */ = {
			isa = PBXGroup;
			children = (
				74D723752C5CBF9D0044B859 /* Font+Extension.swift */,
				74449CA02C621C3700FFBE0C /* UIScreen+Extension.swift */,
			);
			path = Extensions;
			sourceTree = "<group>";
		};
		74D723772C5CBF9D0044B859 /* Shared */ = {
			isa = PBXGroup;
			children = (
				748E0A402C65F4F20028E588 /* Custom View */,
				74D723762C5CBF9D0044B859 /* Extensions */,
				74449C7F2C620A8D00FFBE0C /* Utilities */,
			);
			path = Shared;
			sourceTree = "<group>";
		};
		74D7237B2C5CBF9D0044B859 /* Assets */ = {
			isa = PBXGroup;
			children = (
				74D723792C5CBF9D0044B859 /* Assets.xcassets */,
			);
			path = Assets;
			sourceTree = "<group>";
		};
		74D7237F2C5CBF9D0044B859 /* Script */ = {
			isa = PBXGroup;
			children = (
				74D7237E2C5CBF9D0044B859 /* Autosort.pl */,
			);
			path = Script;
			sourceTree = "<group>";
		};
		74D723982C5CC0520044B859 /* Features */ = {
			isa = PBXGroup;
			children = (
				7470732A2C63542800F1B5A6 /* Account */,
				742B4C442C65EA43002A7091 /* Cart */,
				742074BB2C5CC34F0055A3A6 /* Home */,
				742074BE2C5CC3DB0055A3A6 /* Product Detail */,
				74D723782C5CBF9D0044B859 /* MainMenuView.swift */,
			);
			path = Features;
			sourceTree = "<group>";
		};
		74D723992C5CC0A50044B859 /* App */ = {
			isa = PBXGroup;
			children = (
				749A7F872C59EB9100B04266 /* LolibabaApp.swift */,
				749A7FB22C59F11800B04266 /* SplashScreenView.swift */,
			);
			path = App;
			sourceTree = "<group>";
		};
/* End PBXGroup section */

/* Begin PBXNativeTarget section */
		749A7F832C59EB9100B04266 /* Lolibaba */ = {
			isa = PBXNativeTarget;
			buildConfigurationList = 749A7FA92C59EB9300B04266 /* Build configuration list for PBXNativeTarget "Lolibaba" */;
			buildPhases = (
				749A7F802C59EB9100B04266 /* Sources */,
				749A7F812C59EB9100B04266 /* Frameworks */,
				749A7F822C59EB9100B04266 /* Resources */,
			);
			buildRules = (
			);
			dependencies = (
			);
			name = Lolibaba;
			productName = Lolibaba;
			productReference = 749A7F842C59EB9100B04266 /* Lolibaba.app */;
			productType = "com.apple.product-type.application";
		};
/* End PBXNativeTarget section */

/* Begin PBXProject section */
		749A7F7C2C59EB9100B04266 /* Project object */ = {
			isa = PBXProject;
			attributes = {
				BuildIndependentTargetsInParallel = 1;
				LastSwiftUpdateCheck = 1540;
				LastUpgradeCheck = 1540;
				TargetAttributes = {
					749A7F832C59EB9100B04266 = {
						CreatedOnToolsVersion = 15.4;
					};
				};
			};
			buildConfigurationList = 749A7F7F2C59EB9100B04266 /* Build configuration list for PBXProject "Lolibaba" */;
			compatibilityVersion = "Xcode 14.0";
			developmentRegion = en;
			hasScannedForEncodings = 0;
			knownRegions = (
				en,
				Base,
			);
			mainGroup = 749A7F7B2C59EB9100B04266;
			productRefGroup = 749A7F852C59EB9100B04266 /* Products */;
			projectDirPath = "";
			projectRoot = "";
			targets = (
				749A7F832C59EB9100B04266 /* Lolibaba */,
			);
		};
/* End PBXProject section */

/* Begin PBXResourcesBuildPhase section */
		749A7F822C59EB9100B04266 /* Resources */ = {
			isa = PBXResourcesBuildPhase;
			buildActionMask = 2147483647;
			files = (
				74D723942C5CBF9D0044B859 /* Assets.xcassets in Resources */,
				74D723972C5CBF9D0044B859 /* Autosort.pl in Resources */,
				74D723802C5CBF9D0044B859 /* Montserrat-Black.ttf in Resources */,
				74D723812C5CBF9D0044B859 /* Montserrat-BlackItalic.ttf in Resources */,
				74D723822C5CBF9D0044B859 /* Montserrat-Bold.ttf in Resources */,
				74D723832C5CBF9D0044B859 /* Montserrat-BoldItalic.ttf in Resources */,
				74D723842C5CBF9D0044B859 /* Montserrat-ExtraBold.ttf in Resources */,
				74D723852C5CBF9D0044B859 /* Montserrat-ExtraBoldItalic.ttf in Resources */,
				74D723862C5CBF9D0044B859 /* Montserrat-ExtraLight.ttf in Resources */,
				74D723872C5CBF9D0044B859 /* Montserrat-ExtraLightItalic.ttf in Resources */,
				74D723882C5CBF9D0044B859 /* Montserrat-Italic.ttf in Resources */,
				74D723892C5CBF9D0044B859 /* Montserrat-Light.ttf in Resources */,
				74D7238A2C5CBF9D0044B859 /* Montserrat-LightItalic.ttf in Resources */,
				74D7238B2C5CBF9D0044B859 /* Montserrat-Medium.ttf in Resources */,
				74D7238C2C5CBF9D0044B859 /* Montserrat-MediumItalic.ttf in Resources */,
				74D7238D2C5CBF9D0044B859 /* Montserrat-Regular.ttf in Resources */,
				74D7238E2C5CBF9D0044B859 /* Montserrat-SemiBold.ttf in Resources */,
				74D7238F2C5CBF9D0044B859 /* Montserrat-SemiBoldItalic.ttf in Resources */,
				74D723902C5CBF9D0044B859 /* Montserrat-Thin.ttf in Resources */,
				74D723912C5CBF9D0044B859 /* Montserrat-ThinItalic.ttf in Resources */,
			);
			runOnlyForDeploymentPostprocessing = 0;
		};
/* End PBXResourcesBuildPhase section */

/* Begin PBXSourcesBuildPhase section */
		749A7F802C59EB9100B04266 /* Sources */ = {
			isa = PBXSourcesBuildPhase;
			buildActionMask = 2147483647;
			files = (
				742B4C462C65EA58002A7091 /* CartView.swift in Sources */,
				747073272C63524900F1B5A6 /* CategoryCellView.swift in Sources */,
				748E0A422C65F5240028E588 /* CheckBoxView.swift in Sources */,
				74449C812C620C8800FFBE0C /* CurrencyUtils.swift in Sources */,
				74D723922C5CBF9D0044B859 /* Font+Extension.swift in Sources */,
				742074BD2C5CC3680055A3A6 /* HomeView.swift in Sources */,
				749A7F882C59EB9100B04266 /* LolibabaApp.swift in Sources */,
				74D723932C5CBF9D0044B859 /* MainMenuView.swift in Sources */,
				747073292C6352C800F1B5A6 /* Product.swift in Sources */,
				747073252C634F2D00F1B5A6 /* ProductCellView.swift in Sources */,
				742074C02C5CC44D0055A3A6 /* ProductDetailView.swift in Sources */,
				749A7FB32C59F11800B04266 /* SplashScreenView.swift in Sources */,
				74449CA12C621C3700FFBE0C /* UIScreen+Extension.swift in Sources */,
			);
			runOnlyForDeploymentPostprocessing = 0;
		};
/* End PBXSourcesBuildPhase section */

/* Begin XCBuildConfiguration section */
		749A7FA72C59EB9300B04266 /* Debug */ = {
			isa = XCBuildConfiguration;
			buildSettings = {
				ALWAYS_SEARCH_USER_PATHS = NO;
				ASSETCATALOG_COMPILER_GENERATE_SWIFT_ASSET_SYMBOL_EXTENSIONS = YES;
				CLANG_ANALYZER_NONNULL = YES;
				CLANG_ANALYZER_NUMBER_OBJECT_CONVERSION = YES_AGGRESSIVE;
				CLANG_CXX_LANGUAGE_STANDARD = "gnu++20";
				CLANG_ENABLE_MODULES = YES;
				CLANG_ENABLE_OBJC_ARC = YES;
				CLANG_ENABLE_OBJC_WEAK = YES;
				CLANG_WARN_BLOCK_CAPTURE_AUTORELEASING = YES;
				CLANG_WARN_BOOL_CONVERSION = YES;
				CLANG_WARN_COMMA = YES;
				CLANG_WARN_CONSTANT_CONVERSION = YES;
				CLANG_WARN_DEPRECATED_OBJC_IMPLEMENTATIONS = YES;
				CLANG_WARN_DIRECT_OBJC_ISA_USAGE = YES_ERROR;
				CLANG_WARN_DOCUMENTATION_COMMENTS = YES;
				CLANG_WARN_EMPTY_BODY = YES;
				CLANG_WARN_ENUM_CONVERSION = YES;
				CLANG_WARN_INFINITE_RECURSION = YES;
				CLANG_WARN_INT_CONVERSION = YES;
				CLANG_WARN_NON_LITERAL_NULL_CONVERSION = YES;
				CLANG_WARN_OBJC_IMPLICIT_RETAIN_SELF = YES;
				CLANG_WARN_OBJC_LITERAL_CONVERSION = YES;
				CLANG_WARN_OBJC_ROOT_CLASS = YES_ERROR;
				CLANG_WARN_QUOTED_INCLUDE_IN_FRAMEWORK_HEADER = YES;
				CLANG_WARN_RANGE_LOOP_ANALYSIS = YES;
				CLANG_WARN_STRICT_PROTOTYPES = YES;
				CLANG_WARN_SUSPICIOUS_MOVE = YES;
				CLANG_WARN_UNGUARDED_AVAILABILITY = YES_AGGRESSIVE;
				CLANG_WARN_UNREACHABLE_CODE = YES;
				CLANG_WARN__DUPLICATE_METHOD_MATCH = YES;
				COPY_PHASE_STRIP = NO;
				DEBUG_INFORMATION_FORMAT = dwarf;
				ENABLE_STRICT_OBJC_MSGSEND = YES;
				ENABLE_TESTABILITY = YES;
				ENABLE_USER_SCRIPT_SANDBOXING = YES;
				GCC_C_LANGUAGE_STANDARD = gnu17;
				GCC_DYNAMIC_NO_PIC = NO;
				GCC_NO_COMMON_BLOCKS = YES;
				GCC_OPTIMIZATION_LEVEL = 0;
				GCC_PREPROCESSOR_DEFINITIONS = (
					"DEBUG=1",
					"$(inherited)",
				);
				GCC_WARN_64_TO_32_BIT_CONVERSION = YES;
				GCC_WARN_ABOUT_RETURN_TYPE = YES_ERROR;
				GCC_WARN_UNDECLARED_SELECTOR = YES;
				GCC_WARN_UNINITIALIZED_AUTOS = YES_AGGRESSIVE;
				GCC_WARN_UNUSED_FUNCTION = YES;
				GCC_WARN_UNUSED_VARIABLE = YES;
				LOCALIZATION_PREFERS_STRING_CATALOGS = YES;
				MTL_ENABLE_DEBUG_INFO = INCLUDE_SOURCE;
				MTL_FAST_MATH = YES;
				ONLY_ACTIVE_ARCH = YES;
				SWIFT_ACTIVE_COMPILATION_CONDITIONS = "DEBUG $(inherited)";
				SWIFT_OPTIMIZATION_LEVEL = "-Onone";
			};
			name = Debug;
		};
		749A7FA82C59EB9300B04266 /* Release */ = {
			isa = XCBuildConfiguration;
			buildSettings = {
				ALWAYS_SEARCH_USER_PATHS = NO;
				ASSETCATALOG_COMPILER_GENERATE_SWIFT_ASSET_SYMBOL_EXTENSIONS = YES;
				CLANG_ANALYZER_NONNULL = YES;
				CLANG_ANALYZER_NUMBER_OBJECT_CONVERSION = YES_AGGRESSIVE;
				CLANG_CXX_LANGUAGE_STANDARD = "gnu++20";
				CLANG_ENABLE_MODULES = YES;
				CLANG_ENABLE_OBJC_ARC = YES;
				CLANG_ENABLE_OBJC_WEAK = YES;
				CLANG_WARN_BLOCK_CAPTURE_AUTORELEASING = YES;
				CLANG_WARN_BOOL_CONVERSION = YES;
				CLANG_WARN_COMMA = YES;
				CLANG_WARN_CONSTANT_CONVERSION = YES;
				CLANG_WARN_DEPRECATED_OBJC_IMPLEMENTATIONS = YES;
				CLANG_WARN_DIRECT_OBJC_ISA_USAGE = YES_ERROR;
				CLANG_WARN_DOCUMENTATION_COMMENTS = YES;
				CLANG_WARN_EMPTY_BODY = YES;
				CLANG_WARN_ENUM_CONVERSION = YES;
				CLANG_WARN_INFINITE_RECURSION = YES;
				CLANG_WARN_INT_CONVERSION = YES;
				CLANG_WARN_NON_LITERAL_NULL_CONVERSION = YES;
				CLANG_WARN_OBJC_IMPLICIT_RETAIN_SELF = YES;
				CLANG_WARN_OBJC_LITERAL_CONVERSION = YES;
				CLANG_WARN_OBJC_ROOT_CLASS = YES_ERROR;
				CLANG_WARN_QUOTED_INCLUDE_IN_FRAMEWORK_HEADER = YES;
				CLANG_WARN_RANGE_LOOP_ANALYSIS = YES;
				CLANG_WARN_STRICT_PROTOTYPES = YES;
				CLANG_WARN_SUSPICIOUS_MOVE = YES;
				CLANG_WARN_UNGUARDED_AVAILABILITY = YES_AGGRESSIVE;
				CLANG_WARN_UNREACHABLE_CODE = YES;
				CLANG_WARN__DUPLICATE_METHOD_MATCH = YES;
				COPY_PHASE_STRIP = NO;
				DEBUG_INFORMATION_FORMAT = "dwarf-with-dsym";
				ENABLE_NS_ASSERTIONS = NO;
				ENABLE_STRICT_OBJC_MSGSEND = YES;
				ENABLE_USER_SCRIPT_SANDBOXING = YES;
				GCC_C_LANGUAGE_STANDARD = gnu17;
				GCC_NO_COMMON_BLOCKS = YES;
				GCC_WARN_64_TO_32_BIT_CONVERSION = YES;
				GCC_WARN_ABOUT_RETURN_TYPE = YES_ERROR;
				GCC_WARN_UNDECLARED_SELECTOR = YES;
				GCC_WARN_UNINITIALIZED_AUTOS = YES_AGGRESSIVE;
				GCC_WARN_UNUSED_FUNCTION = YES;
				GCC_WARN_UNUSED_VARIABLE = YES;
				LOCALIZATION_PREFERS_STRING_CATALOGS = YES;
				MTL_ENABLE_DEBUG_INFO = NO;
				MTL_FAST_MATH = YES;
				SWIFT_COMPILATION_MODE = wholemodule;
			};
			name = Release;
		};
		749A7FAA2C59EB9300B04266 /* Debug */ = {
			isa = XCBuildConfiguration;
			buildSettings = {
				ASSETCATALOG_COMPILER_APPICON_NAME = AppIcon;
				ASSETCATALOG_COMPILER_GLOBAL_ACCENT_COLOR_NAME = AccentColor;
				CODE_SIGN_ENTITLEMENTS = Lolibaba/Lolibaba.entitlements;
				CODE_SIGN_STYLE = Automatic;
				CURRENT_PROJECT_VERSION = 1;
				DEVELOPMENT_ASSET_PATHS = "\"Lolibaba/Preview Content\"";
				ENABLE_PREVIEWS = YES;
				GENERATE_INFOPLIST_FILE = YES;
				INFOPLIST_FILE = Lolibaba/Info.plist;
				"INFOPLIST_KEY_UIApplicationSceneManifest_Generation[sdk=iphoneos*]" = YES;
				"INFOPLIST_KEY_UIApplicationSceneManifest_Generation[sdk=iphonesimulator*]" = YES;
				"INFOPLIST_KEY_UIApplicationSupportsIndirectInputEvents[sdk=iphoneos*]" = YES;
				"INFOPLIST_KEY_UIApplicationSupportsIndirectInputEvents[sdk=iphonesimulator*]" = YES;
				"INFOPLIST_KEY_UILaunchScreen_Generation[sdk=iphoneos*]" = YES;
				"INFOPLIST_KEY_UILaunchScreen_Generation[sdk=iphonesimulator*]" = YES;
				INFOPLIST_KEY_UILaunchStoryboardName = LaunchScreenView.swift;
				"INFOPLIST_KEY_UIStatusBarStyle[sdk=iphoneos*]" = UIStatusBarStyleDefault;
				"INFOPLIST_KEY_UIStatusBarStyle[sdk=iphonesimulator*]" = UIStatusBarStyleDefault;
				INFOPLIST_KEY_UISupportedInterfaceOrientations_iPad = "UIInterfaceOrientationPortrait UIInterfaceOrientationPortraitUpsideDown UIInterfaceOrientationLandscapeLeft UIInterfaceOrientationLandscapeRight";
				INFOPLIST_KEY_UISupportedInterfaceOrientations_iPhone = "UIInterfaceOrientationPortrait UIInterfaceOrientationLandscapeLeft UIInterfaceOrientationLandscapeRight";
				IPHONEOS_DEPLOYMENT_TARGET = 17.5;
				LD_RUNPATH_SEARCH_PATHS = "@executable_path/Frameworks";
				"LD_RUNPATH_SEARCH_PATHS[sdk=macosx*]" = "@executable_path/../Frameworks";
				MACOSX_DEPLOYMENT_TARGET = 14.5;
				MARKETING_VERSION = 1.0;
				PRODUCT_BUNDLE_IDENTIFIER = lolibaba.Lolibaba;
				PRODUCT_NAME = "$(TARGET_NAME)";
				SDKROOT = auto;
				SUPPORTED_PLATFORMS = "iphoneos iphonesimulator";
				SUPPORTS_MACCATALYST = NO;
				SWIFT_EMIT_LOC_STRINGS = YES;
				SWIFT_VERSION = 5.0;
				TARGETED_DEVICE_FAMILY = 1;
			};
			name = Debug;
		};
		749A7FAB2C59EB9300B04266 /* Release */ = {
			isa = XCBuildConfiguration;
			buildSettings = {
				ASSETCATALOG_COMPILER_APPICON_NAME = AppIcon;
				ASSETCATALOG_COMPILER_GLOBAL_ACCENT_COLOR_NAME = AccentColor;
				CODE_SIGN_ENTITLEMENTS = Lolibaba/Lolibaba.entitlements;
				CODE_SIGN_STYLE = Automatic;
				CURRENT_PROJECT_VERSION = 1;
				DEVELOPMENT_ASSET_PATHS = "\"Lolibaba/Preview Content\"";
				ENABLE_PREVIEWS = YES;
				GENERATE_INFOPLIST_FILE = YES;
				INFOPLIST_FILE = Lolibaba/Info.plist;
				"INFOPLIST_KEY_UIApplicationSceneManifest_Generation[sdk=iphoneos*]" = YES;
				"INFOPLIST_KEY_UIApplicationSceneManifest_Generation[sdk=iphonesimulator*]" = YES;
				"INFOPLIST_KEY_UIApplicationSupportsIndirectInputEvents[sdk=iphoneos*]" = YES;
				"INFOPLIST_KEY_UIApplicationSupportsIndirectInputEvents[sdk=iphonesimulator*]" = YES;
				"INFOPLIST_KEY_UILaunchScreen_Generation[sdk=iphoneos*]" = YES;
				"INFOPLIST_KEY_UILaunchScreen_Generation[sdk=iphonesimulator*]" = YES;
				INFOPLIST_KEY_UILaunchStoryboardName = LaunchScreenView.swift;
				"INFOPLIST_KEY_UIStatusBarStyle[sdk=iphoneos*]" = UIStatusBarStyleDefault;
				"INFOPLIST_KEY_UIStatusBarStyle[sdk=iphonesimulator*]" = UIStatusBarStyleDefault;
				INFOPLIST_KEY_UISupportedInterfaceOrientations_iPad = "UIInterfaceOrientationPortrait UIInterfaceOrientationPortraitUpsideDown UIInterfaceOrientationLandscapeLeft UIInterfaceOrientationLandscapeRight";
				INFOPLIST_KEY_UISupportedInterfaceOrientations_iPhone = "UIInterfaceOrientationPortrait UIInterfaceOrientationLandscapeLeft UIInterfaceOrientationLandscapeRight";
				IPHONEOS_DEPLOYMENT_TARGET = 17.5;
				LD_RUNPATH_SEARCH_PATHS = "@executable_path/Frameworks";
				"LD_RUNPATH_SEARCH_PATHS[sdk=macosx*]" = "@executable_path/../Frameworks";
				MACOSX_DEPLOYMENT_TARGET = 14.5;
				MARKETING_VERSION = 1.0;
				PRODUCT_BUNDLE_IDENTIFIER = lolibaba.Lolibaba;
				PRODUCT_NAME = "$(TARGET_NAME)";
				SDKROOT = auto;
				SUPPORTED_PLATFORMS = "iphoneos iphonesimulator";
				SUPPORTS_MACCATALYST = NO;
				SWIFT_EMIT_LOC_STRINGS = YES;
				SWIFT_VERSION = 5.0;
				TARGETED_DEVICE_FAMILY = 1;
			};
			name = Release;
		};
/* End XCBuildConfiguration section */

/* Begin XCConfigurationList section */
		749A7F7F2C59EB9100B04266 /* Build configuration list for PBXProject "Lolibaba" */ = {
			isa = XCConfigurationList;
			buildConfigurations = (
				749A7FA72C59EB9300B04266 /* Debug */,
				749A7FA82C59EB9300B04266 /* Release */,
			);
			defaultConfigurationIsVisible = 0;
			defaultConfigurationName = Release;
		};
		749A7FA92C59EB9300B04266 /* Build configuration list for PBXNativeTarget "Lolibaba" */ = {
			isa = XCConfigurationList;
			buildConfigurations = (
				749A7FAA2C59EB9300B04266 /* Debug */,
				749A7FAB2C59EB9300B04266 /* Release */,
			);
			defaultConfigurationIsVisible = 0;
			defaultConfigurationName = Release;
		};
/* End XCConfigurationList section */
	};
	rootObject = 749A7F7C2C59EB9100B04266 /* Project object */;
}
